
Microsoft Visual Studio Solution File, Format Version 12.00
# Visual Studio Version 17
VisualStudioVersion = 17.4.33103.184
MinimumVisualStudioVersion = 10.0.40219.1
Project("{FAE04EC0-301F-11D3-BF4B-00C04F79EFBC}") = "CarAPI-santrauka", "CarAPI-santrauka\CarAPI-santrauka.csproj", "{320839A6-1B5E-4FFA-B134-3DEDC75F90CB}"
EndProject
Global
	GlobalSection(SolutionConfigurationPlatforms) = preSolution
		Debug|Any CPU = Debug|Any CPU
		Release|Any CPU = Release|Any CPU
	EndGlobalSection
	GlobalSection(ProjectConfigurationPlatforms) = postSolution
		{320839A6-1B5E-4FFA-B134-3DEDC75F90CB}.Debug|Any CPU.ActiveCfg = Debug|Any CPU
		{320839A6-1B5E-4FFA-B134-3DEDC75F90CB}.Debug|Any CPU.Build.0 = Debug|Any CPU
		{320839A6-1B5E-4FFA-B134-3DEDC75F90CB}.Release|Any CPU.ActiveCfg = Release|Any CPU
		{320839A6-1B5E-4FFA-B134-3DEDC75F90CB}.Release|Any CPU.Build.0 = Release|Any CPU
	EndGlobalSection
	GlobalSection(SolutionProperties) = preSolution
		HideSolutionNode = FALSE
	EndGlobalSection
	GlobalSection(ExtensibilityGlobals) = postSolution
		SolutionGuid = {04CE3615-DE6A-4123-A265-24225B72C0A8}
	EndGlobalSection
EndGlobal
